
Microsoft Visual Studio Solution File, Format Version 12.00
# Visual Studio Version 16
VisualStudioVersion = 16.0.29728.190
MinimumVisualStudioVersion = 10.0.40219.1
Project("{9A19103F-16F7-4668-BE54-9A1E7A4F7556}") = "JsonHCS.Net", "JsonHCS.Net\JsonHCS.Net.csproj", "{98E45BEA-D7B2-4541-8835-02E09F6A7CE4}"
EndProject
Project("{9A19103F-16F7-4668-BE54-9A1E7A4F7556}") = "Sample", "Sample\Sample.csproj", "{D562C833-CBA3-42A0-8BCD-BE569454DC57}"
EndProject
Project("{2150E333-8FDC-42A3-9474-1A3956D46DE8}") = "Solution Items", "Solution Items", "{2C61BDA1-8AAB-4853-842A-4D9F0B80615D}"
	ProjectSection(SolutionItems) = preProject
		LICENSE = LICENSE
		Proxies.md = Proxies.md
		Proxies.SignalR.md = Proxies.SignalR.md
		README.md = README.md
	EndProjectSection
EndProject
Project("{9A19103F-16F7-4668-BE54-9A1E7A4F7556}") = "JsonHCS.Net.Proxies", "JsonHCS.Net.Proxies\JsonHCS.Net.Proxies.csproj", "{8A3862CB-3703-403A-97EC-01C14ACE5062}"
EndProject
Project("{9A19103F-16F7-4668-BE54-9A1E7A4F7556}") = "ProxySample", "ProxySample\ProxySample.csproj", "{723C656F-D52E-49D1-8779-800BD5D29A09}"
EndProject
Project("{FAE04EC0-301F-11D3-BF4B-00C04F79EFBC}") = "JsonHCS.Net.Proxytests", "JsonHCS.Net.Proxytests\JsonHCS.Net.Proxytests.csproj", "{82B1D0E9-7995-465B-A565-1265BA1F7123}"
EndProject
Project("{FAE04EC0-301F-11D3-BF4B-00C04F79EFBC}") = "JsonHCS.Net.Tests", "JsonHCS.Net.Tests\JsonHCS.Net.Tests.csproj", "{8BA1C2F5-5BE9-438B-A891-BE2FA174EE1E}"
EndProject
Project("{9A19103F-16F7-4668-BE54-9A1E7A4F7556}") = "JsonHCS.Net.Proxies.SignalR", "JsonHCS.Net.Proxies.SignalR\JsonHCS.Net.Proxies.SignalR.csproj", "{08223199-6B26-403B-AAFC-C5C9AB61042C}"
EndProject
Project("{9A19103F-16F7-4668-BE54-9A1E7A4F7556}") = "SignalRHub", "SignalRHub\SignalRHub.csproj", "{3AF84412-F4BC-406E-9F44-D9813C840F5D}"
EndProject
Global
	GlobalSection(SolutionConfigurationPlatforms) = preSolution
		Debug|Any CPU = Debug|Any CPU
		Release|Any CPU = Release|Any CPU
	EndGlobalSection
	GlobalSection(ProjectConfigurationPlatforms) = postSolution
		{98E45BEA-D7B2-4541-8835-02E09F6A7CE4}.Debug|Any CPU.ActiveCfg = Debug|Any CPU
		{98E45BEA-D7B2-4541-8835-02E09F6A7CE4}.Debug|Any CPU.Build.0 = Debug|Any CPU
		{98E45BEA-D7B2-4541-8835-02E09F6A7CE4}.Release|Any CPU.ActiveCfg = Release|Any CPU
		{98E45BEA-D7B2-4541-8835-02E09F6A7CE4}.Release|Any CPU.Build.0 = Release|Any CPU
		{D562C833-CBA3-42A0-8BCD-BE569454DC57}.Debug|Any CPU.ActiveCfg = Debug|Any CPU
		{D562C833-CBA3-42A0-8BCD-BE569454DC57}.Debug|Any CPU.Build.0 = Debug|Any CPU
		{D562C833-CBA3-42A0-8BCD-BE569454DC57}.Release|Any CPU.ActiveCfg = Release|Any CPU
		{D562C833-CBA3-42A0-8BCD-BE569454DC57}.Release|Any CPU.Build.0 = Release|Any CPU
		{8A3862CB-3703-403A-97EC-01C14ACE5062}.Debug|Any CPU.ActiveCfg = Debug|Any CPU
		{8A3862CB-3703-403A-97EC-01C14ACE5062}.Debug|Any CPU.Build.0 = Debug|Any CPU
		{8A3862CB-3703-403A-97EC-01C14ACE5062}.Release|Any CPU.ActiveCfg = Release|Any CPU
		{8A3862CB-3703-403A-97EC-01C14ACE5062}.Release|Any CPU.Build.0 = Release|Any CPU
		{723C656F-D52E-49D1-8779-800BD5D29A09}.Debug|Any CPU.ActiveCfg = Debug|Any CPU
		{723C656F-D52E-49D1-8779-800BD5D29A09}.Debug|Any CPU.Build.0 = Debug|Any CPU
		{723C656F-D52E-49D1-8779-800BD5D29A09}.Release|Any CPU.ActiveCfg = Release|Any CPU
		{723C656F-D52E-49D1-8779-800BD5D29A09}.Release|Any CPU.Build.0 = Release|Any CPU
		{82B1D0E9-7995-465B-A565-1265BA1F7123}.Debug|Any CPU.ActiveCfg = Debug|Any CPU
		{82B1D0E9-7995-465B-A565-1265BA1F7123}.Debug|Any CPU.Build.0 = Debug|Any CPU
		{82B1D0E9-7995-465B-A565-1265BA1F7123}.Release|Any CPU.ActiveCfg = Release|Any CPU
		{82B1D0E9-7995-465B-A565-1265BA1F7123}.Release|Any CPU.Build.0 = Release|Any CPU
		{8BA1C2F5-5BE9-438B-A891-BE2FA174EE1E}.Debug|Any CPU.ActiveCfg = Debug|Any CPU
		{8BA1C2F5-5BE9-438B-A891-BE2FA174EE1E}.Debug|Any CPU.Build.0 = Debug|Any CPU
		{8BA1C2F5-5BE9-438B-A891-BE2FA174EE1E}.Release|Any CPU.ActiveCfg = Release|Any CPU
		{8BA1C2F5-5BE9-438B-A891-BE2FA174EE1E}.Release|Any CPU.Build.0 = Release|Any CPU
		{08223199-6B26-403B-AAFC-C5C9AB61042C}.Debug|Any CPU.ActiveCfg = Debug|Any CPU
		{08223199-6B26-403B-AAFC-C5C9AB61042C}.Debug|Any CPU.Build.0 = Debug|Any CPU
		{08223199-6B26-403B-AAFC-C5C9AB61042C}.Release|Any CPU.ActiveCfg = Release|Any CPU
		{08223199-6B26-403B-AAFC-C5C9AB61042C}.Release|Any CPU.Build.0 = Release|Any CPU
		{3AF84412-F4BC-406E-9F44-D9813C840F5D}.Debug|Any CPU.ActiveCfg = Debug|Any CPU
		{3AF84412-F4BC-406E-9F44-D9813C840F5D}.Debug|Any CPU.Build.0 = Debug|Any CPU
		{3AF84412-F4BC-406E-9F44-D9813C840F5D}.Release|Any CPU.ActiveCfg = Release|Any CPU
		{3AF84412-F4BC-406E-9F44-D9813C840F5D}.Release|Any CPU.Build.0 = Release|Any CPU
	EndGlobalSection
	GlobalSection(SolutionProperties) = preSolution
		HideSolutionNode = FALSE
	EndGlobalSection
	GlobalSection(ExtensibilityGlobals) = postSolution
		SolutionGuid = {E513D372-F4F8-43A5-9AD9-D1C5ED47CEF8}
	EndGlobalSection
EndGlobal
